Microsoft Visual Studio Solution File, Format Version 12.00
# Visual Studio Version 17
VisualStudioVersion = 17.9.34310.174
MinimumVisualStudioVersion = 10.0.40219.1
Project("{2150E333-8FDC-42A3-9474-1A3956D46DE8}") = "Modules", "Modules", "{A92F4059-91CA-43E9-A2CE-AA12A44EFA83}"
EndProject
Project("{2150E333-8FDC-42A3-9474-1A3956D46DE8}") = "Core", "Core", "{B0CAE150-F1A1-4378-AC6A-92564852DBFE}"
EndProject
Project("{2150E333-8FDC-42A3-9474-1A3956D46DE8}") = "SwissArmy", "SwissArmy", "{18B616A6-632F-4537-94A6-0A8AC9DD26A5}"
EndProject
Project("{2150E333-8FDC-42A3-9474-1A3956D46DE8}") = "Access", "Access", "{9F997A0F-384C-4DBB-863D-920660F87B85}"
EndProject
Project("{2150E333-8FDC-42A3-9474-1A3956D46DE8}") = "Notification", "Notification", "{A5DD6915-065E-4978-89A3-DFC9B34BA88F}"
EndProject
Project("{2150E333-8FDC-42A3-9474-1A3956D46DE8}") = "Tracer", "Tracer", "{20169237-11FB-4934-93BB-B4765E7F0003}"
EndProject
Project("{9A19103F-16F7-4668-BE54-9A1E7A4F7556}") = "CoinFlipper.Tracer.Api", "Modules\CoinFlipper.Tracer\CoinFlipper.Tracer.Api\CoinFlipper.Tracer.Api.csproj", "{F23ACA06-0C60-408B-B854-E55FF759A817}"
EndProject
Project("{9A19103F-16F7-4668-BE54-9A1E7A4F7556}") = "CoinFlipper.Tracer.Application", "Modules\CoinFlipper.Tracer\CoinFlipper.Tracer.Application\CoinFlipper.Tracer.Application.csproj", "{B91436E5-1027-4DE9-B372-BBC01B5F2189}"
EndProject
Project("{9A19103F-16F7-4668-BE54-9A1E7A4F7556}") = "CoinFlipper.Tracer.Domain", "Modules\CoinFlipper.Tracer\CoinFlipper.Tracer.Domain\CoinFlipper.Tracer.Domain.csproj", "{1E3E6838-B09E-4074-9F70-81B5E842EED6}"
EndProject
Project("{9A19103F-16F7-4668-BE54-9A1E7A4F7556}") = "CoinFlipper.Tracer.Infrastructure", "Modules\CoinFlipper.Tracer\CoinFlipper.Tracer.Infrastructure\CoinFlipper.Tracer.Infrastructure.csproj", "{4F777026-4B9B-4066-9279-899AF02AC437}"
EndProject
Project("{9A19103F-16F7-4668-BE54-9A1E7A4F7556}") = "CoinFlipper.SwissArmy.Domain", "Modules\CoinFlipper.SwissArmy\CoinFlipper.SwissArmy.Domain\CoinFlipper.SwissArmy.Domain.csproj", "{DE348C20-1468-42A9-B425-ABAEDB4B3826}"
EndProject
Project("{9A19103F-16F7-4668-BE54-9A1E7A4F7556}") = "CoinFlipper.SwissArmy.Api", "Modules\CoinFlipper.SwissArmy\CoinFlipper.SwissArmy.Api\CoinFlipper.SwissArmy.Api.csproj", "{0B94DB73-3D8F-4D41-8869-D4B9CAD86C9B}"
EndProject
Project("{9A19103F-16F7-4668-BE54-9A1E7A4F7556}") = "CoinFlipper.SwissArmy.Application", "Modules\CoinFlipper.SwissArmy\CoinFlipper.SwissArmy.Application\CoinFlipper.SwissArmy.Application.csproj", "{1B7A4D35-898D-4D63-8912-854BE63EEFC6}"
EndProject
Project("{9A19103F-16F7-4668-BE54-9A1E7A4F7556}") = "CoinFlipper.SwissArmy.Infrastructure", "Modules\CoinFlipper.SwissArmy\CoinFlipper.SwissArmy.Infrastructure\CoinFlipper.SwissArmy.Infrastructure.csproj", "{155CB716-0773-4911-8CDC-0516E40EE600}"
EndProject
Project("{2150E333-8FDC-42A3-9474-1A3956D46DE8}") = "Tests", "Tests", "{AB36E8A2-1CC8-4D24-829B-BA4491C3E2F4}"
EndProject
Project("{2150E333-8FDC-42A3-9474-1A3956D46DE8}") = "Tests", "Tests", "{3892C8B1-0B1A-46AD-9BDF-86610C467A89}"
EndProject
Project("{2150E333-8FDC-42A3-9474-1A3956D46DE8}") = "Tests", "Tests", "{4D95CAFB-99A1-472B-A712-31CEE0FE1544}"
EndProject
Project("{2150E333-8FDC-42A3-9474-1A3956D46DE8}") = "Tests", "Tests", "{D79551AB-089E-42CD-8324-0AE1B7E84D9B}"
EndProject
Project("{9A19103F-16F7-4668-BE54-9A1E7A4F7556}") = "CoinFlipper.Notification.Api", "Modules\CoinFlipper.Notification\CoinFlipper.Notification.Api\CoinFlipper.Notification.Api.csproj", "{2F7D5AE3-A2F8-4082-9466-F325247560EA}"
EndProject
Project("{9A19103F-16F7-4668-BE54-9A1E7A4F7556}") = "CoinFlipper.Access.Api", "Modules\CoinFlipper.Access\CoinFlipper.Access.Api\CoinFlipper.Access.Api.csproj", "{86B4C1C2-BDFC-4B50-BC15-080754089BB9}"
EndProject
Project("{9A19103F-16F7-4668-BE54-9A1E7A4F7556}") = "CoinFlipper.Access.Domain", "Modules\CoinFlipper.Access\CoinFlipper.Access.Domain\CoinFlipper.Access.Domain.csproj", "{41C1393D-7CDA-4122-8910-79611919899D}"
EndProject
Project("{9A19103F-16F7-4668-BE54-9A1E7A4F7556}") = "CoinFlipper.Notification.Domain", "Modules\CoinFlipper.Notification\CoinFlipper.Notification.Domain\CoinFlipper.Notification.Domain.csproj", "{9D47A4A1-CD64-444C-8909-3B58F5AC4C4A}"
EndProject
Project("{9A19103F-16F7-4668-BE54-9A1E7A4F7556}") = "CoinFlipper.Access.Infrastructure", "Modules\CoinFlipper.Access\CoinFlipper.Access.Infrastructure\CoinFlipper.Access.Infrastructure.csproj", "{B95F94EB-6D9A-4EE2-B7E1-165052F80B99}"
EndProject
Project("{9A19103F-16F7-4668-BE54-9A1E7A4F7556}") = "CoinFlipper.Access.Application", "Modules\CoinFlipper.Access\CoinFlipper.Access.Application\CoinFlipper.Access.Application.csproj", "{F49E535C-A5C1-4FB7-802D-4543CD4A56A2}"
EndProject
Project("{9A19103F-16F7-4668-BE54-9A1E7A4F7556}") = "CoinFlipper.Notification.Application", "Modules\CoinFlipper.Notification\CoinFlipper.Notification.Application\CoinFlipper.Notification.Application.csproj", "{D587DB02-D434-49F8-AEF0-96B59526A7CC}"
EndProject
Project("{9A19103F-16F7-4668-BE54-9A1E7A4F7556}") = "CoinFlipper.Notification.Infrastructure", "Modules\CoinFlipper.Notification\CoinFlipper.Notification.Infrastructure\CoinFlipper.Notification.Infrastructure.csproj", "{8D551E5B-D572-4B24-B829-9AD906CF5461}"
EndProject
Project("{9A19103F-16F7-4668-BE54-9A1E7A4F7556}") = "CoinFlipper.AppHost", "Core\CoinFlipper.AppHost\CoinFlipper.AppHost.csproj", "{5EB3310F-3D47-4D14-B96F-E9D86055ECB3}"
EndProject
Project("{9A19103F-16F7-4668-BE54-9A1E7A4F7556}") = "CoinFlipper.Shared", "Core\CoinFlipper.Shared\CoinFlipper.Shared.csproj", "{EEA17CE2-211D-45CC-83DD-63E587FF1A1F}"
EndProject
Project("{9A19103F-16F7-4668-BE54-9A1E7A4F7556}") = "CoinFlipper.ServiceDefaults", "Core\CoinFlipper.ServiceDefaults\CoinFlipper.ServiceDefaults.csproj", "{4217A711-AA2A-4A6D-8317-E23AE4573F42}"
EndProject
Global
	GlobalSection(SolutionConfigurationPlatforms) = preSolution
		Debug|Any CPU = Debug|Any CPU
		Release|Any CPU = Release|Any CPU
	EndGlobalSection
	GlobalSection(ProjectConfigurationPlatforms) = postSolution
		{F23ACA06-0C60-408B-B854-E55FF759A817}.Debug|Any CPU.ActiveCfg = Debug|Any CPU
		{F23ACA06-0C60-408B-B854-E55FF759A817}.Debug|Any CPU.Build.0 = Debug|Any CPU
		{F23ACA06-0C60-408B-B854-E55FF759A817}.Release|Any CPU.ActiveCfg = Release|Any CPU
		{F23ACA06-0C60-408B-B854-E55FF759A817}.Release|Any CPU.Build.0 = Release|Any CPU
		{B91436E5-1027-4DE9-B372-BBC01B5F2189}.Debug|Any CPU.ActiveCfg = Debug|Any CPU
		{B91436E5-1027-4DE9-B372-BBC01B5F2189}.Debug|Any CPU.Build.0 = Debug|Any CPU
		{B91436E5-1027-4DE9-B372-BBC01B5F2189}.Release|Any CPU.ActiveCfg = Release|Any CPU
		{B91436E5-1027-4DE9-B372-BBC01B5F2189}.Release|Any CPU.Build.0 = Release|Any CPU
		{1E3E6838-B09E-4074-9F70-81B5E842EED6}.Debug|Any CPU.ActiveCfg = Debug|Any CPU
		{1E3E6838-B09E-4074-9F70-81B5E842EED6}.Debug|Any CPU.Build.0 = Debug|Any CPU
		{1E3E6838-B09E-4074-9F70-81B5E842EED6}.Release|Any CPU.ActiveCfg = Release|Any CPU
		{1E3E6838-B09E-4074-9F70-81B5E842EED6}.Release|Any CPU.Build.0 = Release|Any CPU
		{4F777026-4B9B-4066-9279-899AF02AC437}.Debug|Any CPU.ActiveCfg = Debug|Any CPU
		{4F777026-4B9B-4066-9279-899AF02AC437}.Debug|Any CPU.Build.0 = Debug|Any CPU
		{4F777026-4B9B-4066-9279-899AF02AC437}.Release|Any CPU.ActiveCfg = Release|Any CPU
		{4F777026-4B9B-4066-9279-899AF02AC437}.Release|Any CPU.Build.0 = Release|Any CPU
		{DE348C20-1468-42A9-B425-ABAEDB4B3826}.Debug|Any CPU.ActiveCfg = Debug|Any CPU
		{DE348C20-1468-42A9-B425-ABAEDB4B3826}.Debug|Any CPU.Build.0 = Debug|Any CPU
		{DE348C20-1468-42A9-B425-ABAEDB4B3826}.Release|Any CPU.ActiveCfg = Release|Any CPU
		{DE348C20-1468-42A9-B425-ABAEDB4B3826}.Release|Any CPU.Build.0 = Release|Any CPU
		{0B94DB73-3D8F-4D41-8869-D4B9CAD86C9B}.Debug|Any CPU.ActiveCfg = Debug|Any CPU
		{0B94DB73-3D8F-4D41-8869-D4B9CAD86C9B}.Debug|Any CPU.Build.0 = Debug|Any CPU
		{0B94DB73-3D8F-4D41-8869-D4B9CAD86C9B}.Release|Any CPU.ActiveCfg = Release|Any CPU
		{0B94DB73-3D8F-4D41-8869-D4B9CAD86C9B}.Release|Any CPU.Build.0 = Release|Any CPU
		{1B7A4D35-898D-4D63-8912-854BE63EEFC6}.Debug|Any CPU.ActiveCfg = Debug|Any CPU
		{1B7A4D35-898D-4D63-8912-854BE63EEFC6}.Debug|Any CPU.Build.0 = Debug|Any CPU
		{1B7A4D35-898D-4D63-8912-854BE63EEFC6}.Release|Any CPU.ActiveCfg = Release|Any CPU
		{1B7A4D35-898D-4D63-8912-854BE63EEFC6}.Release|Any CPU.Build.0 = Release|Any CPU
		{155CB716-0773-4911-8CDC-0516E40EE600}.Debug|Any CPU.ActiveCfg = Debug|Any CPU
		{155CB716-0773-4911-8CDC-0516E40EE600}.Debug|Any CPU.Build.0 = Debug|Any CPU
		{155CB716-0773-4911-8CDC-0516E40EE600}.Release|Any CPU.ActiveCfg = Release|Any CPU
		{155CB716-0773-4911-8CDC-0516E40EE600}.Release|Any CPU.Build.0 = Release|Any CPU
		{2F7D5AE3-A2F8-4082-9466-F325247560EA}.Debug|Any CPU.ActiveCfg = Debug|Any CPU
		{2F7D5AE3-A2F8-4082-9466-F325247560EA}.Debug|Any CPU.Build.0 = Debug|Any CPU
		{2F7D5AE3-A2F8-4082-9466-F325247560EA}.Release|Any CPU.ActiveCfg = Release|Any CPU
		{2F7D5AE3-A2F8-4082-9466-F325247560EA}.Release|Any CPU.Build.0 = Release|Any CPU
		{86B4C1C2-BDFC-4B50-BC15-080754089BB9}.Debug|Any CPU.ActiveCfg = Debug|Any CPU
		{86B4C1C2-BDFC-4B50-BC15-080754089BB9}.Debug|Any CPU.Build.0 = Debug|Any CPU
		{86B4C1C2-BDFC-4B50-BC15-080754089BB9}.Release|Any CPU.ActiveCfg = Release|Any CPU
		{86B4C1C2-BDFC-4B50-BC15-080754089BB9}.Release|Any CPU.Build.0 = Release|Any CPU
		{41C1393D-7CDA-4122-8910-79611919899D}.Debug|Any CPU.ActiveCfg = Debug|Any CPU
		{41C1393D-7CDA-4122-8910-79611919899D}.Debug|Any CPU.Build.0 = Debug|Any CPU
		{41C1393D-7CDA-4122-8910-79611919899D}.Release|Any CPU.ActiveCfg = Release|Any CPU
		{41C1393D-7CDA-4122-8910-79611919899D}.Release|Any CPU.Build.0 = Release|Any CPU
		{9D47A4A1-CD64-444C-8909-3B58F5AC4C4A}.Debug|Any CPU.ActiveCfg = Debug|Any CPU
		{9D47A4A1-CD64-444C-8909-3B58F5AC4C4A}.Debug|Any CPU.Build.0 = Debug|Any CPU
		{9D47A4A1-CD64-444C-8909-3B58F5AC4C4A}.Release|Any CPU.ActiveCfg = Release|Any CPU
		{9D47A4A1-CD64-444C-8909-3B58F5AC4C4A}.Release|Any CPU.Build.0 = Release|Any CPU
		{B95F94EB-6D9A-4EE2-B7E1-165052F80B99}.Debug|Any CPU.ActiveCfg = Debug|Any CPU
		{B95F94EB-6D9A-4EE2-B7E1-165052F80B99}.Debug|Any CPU.Build.0 = Debug|Any CPU
		{B95F94EB-6D9A-4EE2-B7E1-165052F80B99}.Release|Any CPU.ActiveCfg = Release|Any CPU
		{B95F94EB-6D9A-4EE2-B7E1-165052F80B99}.Release|Any CPU.Build.0 = Release|Any CPU
		{F49E535C-A5C1-4FB7-802D-4543CD4A56A2}.Debug|Any CPU.ActiveCfg = Debug|Any CPU
		{F49E535C-A5C1-4FB7-802D-4543CD4A56A2}.Debug|Any CPU.Build.0 = Debug|Any CPU
		{F49E535C-A5C1-4FB7-802D-4543CD4A56A2}.Release|Any CPU.ActiveCfg = Release|Any CPU
		{F49E535C-A5C1-4FB7-802D-4543CD4A56A2}.Release|Any CPU.Build.0 = Release|Any CPU
		{D587DB02-D434-49F8-AEF0-96B59526A7CC}.Debug|Any CPU.ActiveCfg = Debug|Any CPU
		{D587DB02-D434-49F8-AEF0-96B59526A7CC}.Debug|Any CPU.Build.0 = Debug|Any CPU
		{D587DB02-D434-49F8-AEF0-96B59526A7CC}.Release|Any CPU.ActiveCfg = Release|Any CPU
		{D587DB02-D434-49F8-AEF0-96B59526A7CC}.Release|Any CPU.Build.0 = Release|Any CPU
		{8D551E5B-D572-4B24-B829-9AD906CF5461}.Debug|Any CPU.ActiveCfg = Debug|Any CPU
		{8D551E5B-D572-4B24-B829-9AD906CF5461}.Debug|Any CPU.Build.0 = Debug|Any CPU
		{8D551E5B-D572-4B24-B829-9AD906CF5461}.Release|Any CPU.ActiveCfg = Release|Any CPU
		{8D551E5B-D572-4B24-B829-9AD906CF5461}.Release|Any CPU.Build.0 = Release|Any CPU
		{5EB3310F-3D47-4D14-B96F-E9D86055ECB3}.Debug|Any CPU.ActiveCfg = Debug|Any CPU
		{5EB3310F-3D47-4D14-B96F-E9D86055ECB3}.Debug|Any CPU.Build.0 = Debug|Any CPU
		{5EB3310F-3D47-4D14-B96F-E9D86055ECB3}.Release|Any CPU.ActiveCfg = Release|Any CPU
		{5EB3310F-3D47-4D14-B96F-E9D86055ECB3}.Release|Any CPU.Build.0 = Release|Any CPU
		{EEA17CE2-211D-45CC-83DD-63E587FF1A1F}.Debug|Any CPU.ActiveCfg = Debug|Any CPU
		{EEA17CE2-211D-45CC-83DD-63E587FF1A1F}.Debug|Any CPU.Build.0 = Debug|Any CPU
		{EEA17CE2-211D-45CC-83DD-63E587FF1A1F}.Release|Any CPU.ActiveCfg = Release|Any CPU
		{EEA17CE2-211D-45CC-83DD-63E587FF1A1F}.Release|Any CPU.Build.0 = Release|Any CPU
		{4217A711-AA2A-4A6D-8317-E23AE4573F42}.Debug|Any CPU.ActiveCfg = Debug|Any CPU
		{4217A711-AA2A-4A6D-8317-E23AE4573F42}.Debug|Any CPU.Build.0 = Debug|Any CPU
		{4217A711-AA2A-4A6D-8317-E23AE4573F42}.Release|Any CPU.ActiveCfg = Release|Any CPU
		{4217A711-AA2A-4A6D-8317-E23AE4573F42}.Release|Any CPU.Build.0 = Release|Any CPU
	EndGlobalSection
	GlobalSection(SolutionProperties) = preSolution
		HideSolutionNode = FALSE
	EndGlobalSection
	GlobalSection(NestedProjects) = preSolution
		{18B616A6-632F-4537-94A6-0A8AC9DD26A5} = {A92F4059-91CA-43E9-A2CE-AA12A44EFA83}
		{9F997A0F-384C-4DBB-863D-920660F87B85} = {A92F4059-91CA-43E9-A2CE-AA12A44EFA83}
		{A5DD6915-065E-4978-89A3-DFC9B34BA88F} = {A92F4059-91CA-43E9-A2CE-AA12A44EFA83}
		{20169237-11FB-4934-93BB-B4765E7F0003} = {A92F4059-91CA-43E9-A2CE-AA12A44EFA83}
		{F23ACA06-0C60-408B-B854-E55FF759A817} = {20169237-11FB-4934-93BB-B4765E7F0003}
		{B91436E5-1027-4DE9-B372-BBC01B5F2189} = {20169237-11FB-4934-93BB-B4765E7F0003}
		{1E3E6838-B09E-4074-9F70-81B5E842EED6} = {20169237-11FB-4934-93BB-B4765E7F0003}
		{4F777026-4B9B-4066-9279-899AF02AC437} = {20169237-11FB-4934-93BB-B4765E7F0003}
		{DE348C20-1468-42A9-B425-ABAEDB4B3826} = {18B616A6-632F-4537-94A6-0A8AC9DD26A5}
		{0B94DB73-3D8F-4D41-8869-D4B9CAD86C9B} = {18B616A6-632F-4537-94A6-0A8AC9DD26A5}
		{1B7A4D35-898D-4D63-8912-854BE63EEFC6} = {18B616A6-632F-4537-94A6-0A8AC9DD26A5}
		{155CB716-0773-4911-8CDC-0516E40EE600} = {18B616A6-632F-4537-94A6-0A8AC9DD26A5}
		{AB36E8A2-1CC8-4D24-829B-BA4491C3E2F4} = {18B616A6-632F-4537-94A6-0A8AC9DD26A5}
		{3892C8B1-0B1A-46AD-9BDF-86610C467A89} = {20169237-11FB-4934-93BB-B4765E7F0003}
		{4D95CAFB-99A1-472B-A712-31CEE0FE1544} = {A5DD6915-065E-4978-89A3-DFC9B34BA88F}
		{D79551AB-089E-42CD-8324-0AE1B7E84D9B} = {9F997A0F-384C-4DBB-863D-920660F87B85}
		{2F7D5AE3-A2F8-4082-9466-F325247560EA} = {A5DD6915-065E-4978-89A3-DFC9B34BA88F}
		{86B4C1C2-BDFC-4B50-BC15-080754089BB9} = {9F997A0F-384C-4DBB-863D-920660F87B85}
		{41C1393D-7CDA-4122-8910-79611919899D} = {9F997A0F-384C-4DBB-863D-920660F87B85}
		{9D47A4A1-CD64-444C-8909-3B58F5AC4C4A} = {A5DD6915-065E-4978-89A3-DFC9B34BA88F}
		{B95F94EB-6D9A-4EE2-B7E1-165052F80B99} = {9F997A0F-384C-4DBB-863D-920660F87B85}
		{F49E535C-A5C1-4FB7-802D-4543CD4A56A2} = {9F997A0F-384C-4DBB-863D-920660F87B85}
		{D587DB02-D434-49F8-AEF0-96B59526A7CC} = {A5DD6915-065E-4978-89A3-DFC9B34BA88F}
		{8D551E5B-D572-4B24-B829-9AD906CF5461} = {A5DD6915-065E-4978-89A3-DFC9B34BA88F}
		{5EB3310F-3D47-4D14-B96F-E9D86055ECB3} = {B0CAE150-F1A1-4378-AC6A-92564852DBFE}
		{EEA17CE2-211D-45CC-83DD-63E587FF1A1F} = {B0CAE150-F1A1-4378-AC6A-92564852DBFE}
		{4217A711-AA2A-4A6D-8317-E23AE4573F42} = {B0CAE150-F1A1-4378-AC6A-92564852DBFE}
	EndGlobalSection
	GlobalSection(ExtensibilityGlobals) = postSolution
		SolutionGuid = {8385AB92-B72E-47B3-BD55-D8ABD65605AB}
	EndGlobalSection
EndGlobal
